// !$*UTF8*$!
{
	archiveVersion = 1;
	classes = {
	};
	objectVersion = 56;
	objects = {

/* Begin PBXBuildFile section */
		02241D792C5D484100B4A161 /* CheckSilentModeView.swift in Sources */ = {isa = PBXBuildFile; fileRef = 02241D782C5D484100B4A161 /* CheckSilentModeView.swift */; };
		02241D7C2C5D48D900B4A161 /* CameraViewTest.swift in Sources */ = {isa = PBXBuildFile; fileRef = 02241D7B2C5D48D900B4A161 /* CameraViewTest.swift */; };
		02C3FCB52C587FD30087A72B /* GoogleService-Info.plist in Resources */ = {isa = PBXBuildFile; fileRef = 02C3FCB42C587FD30087A72B /* GoogleService-Info.plist */; };
		02C3FCB72C5882080087A72B /* ProgressView.swift in Sources */ = {isa = PBXBuildFile; fileRef = 02C3FCB62C5882080087A72B /* ProgressView.swift */; };
		02C3FCB92C58824E0087A72B /* KDCircularProgressTest.swift in Sources */ = {isa = PBXBuildFile; fileRef = 02C3FCB82C58824E0087A72B /* KDCircularProgressTest.swift */; };
		02C3FCBC2C5882720087A72B /* KDCircularProgress in Frameworks */ = {isa = PBXBuildFile; productRef = 02C3FCBB2C5882720087A72B /* KDCircularProgress */; };
		3928CA312C509EC200A5A823 /* NapApp.swift in Sources */ = {isa = PBXBuildFile; fileRef = 3928CA302C509EC200A5A823 /* NapApp.swift */; };
		3928CA332C509EC200A5A823 /* ContentView.swift in Sources */ = {isa = PBXBuildFile; fileRef = 3928CA322C509EC200A5A823 /* ContentView.swift */; };
		3928CA352C509EC300A5A823 /* Assets.xcassets in Resources */ = {isa = PBXBuildFile; fileRef = 3928CA342C509EC300A5A823 /* Assets.xcassets */; };
		3928CA382C509EC300A5A823 /* Preview Assets.xcassets in Resources */ = {isa = PBXBuildFile; fileRef = 3928CA372C509EC300A5A823 /* Preview Assets.xcassets */; };
		3928CA4A2C50A48C00A5A823 /* View+.swift in Sources */ = {isa = PBXBuildFile; fileRef = 3928CA492C50A48C00A5A823 /* View+.swift */; };
		3928CA4E2C50A58900A5A823 /* HapticManager.swift in Sources */ = {isa = PBXBuildFile; fileRef = 3928CA4D2C50A58900A5A823 /* HapticManager.swift */; };
		3928CA502C50A63100A5A823 /* Launch Screen.storyboard in Resources */ = {isa = PBXBuildFile; fileRef = 3928CA4F2C50A63100A5A823 /* Launch Screen.storyboard */; };
		3928CA552C50A69200A5A823 /* Onboarding.swift in Sources */ = {isa = PBXBuildFile; fileRef = 3928CA542C50A69200A5A823 /* Onboarding.swift */; };
		3928CA572C50A6B000A5A823 /* Home.swift in Sources */ = {isa = PBXBuildFile; fileRef = 3928CA562C50A6B000A5A823 /* Home.swift */; };
		3928CA592C50A6B800A5A823 /* Friend.swift in Sources */ = {isa = PBXBuildFile; fileRef = 3928CA582C50A6B800A5A823 /* Friend.swift */; };
		3928CA5B2C50A6BC00A5A823 /* Feed.swift in Sources */ = {isa = PBXBuildFile; fileRef = 3928CA5A2C50A6BC00A5A823 /* Feed.swift */; };
		3928CA5D2C50A6D600A5A823 /* StringConstant.swift in Sources */ = {isa = PBXBuildFile; fileRef = 3928CA5C2C50A6D600A5A823 /* StringConstant.swift */; };
		92EE7B2B2C516785006D0D19 /* FirebaseAnalytics in Frameworks */ = {isa = PBXBuildFile; productRef = 92EE7B2A2C516785006D0D19 /* FirebaseAnalytics */; };
		92EE7B2D2C516785006D0D19 /* FirebaseAuth in Frameworks */ = {isa = PBXBuildFile; productRef = 92EE7B2C2C516785006D0D19 /* FirebaseAuth */; };
		92EE7B322C52B432006D0D19 /* Signupname.swift in Sources */ = {isa = PBXBuildFile; fileRef = 92EE7B312C52B432006D0D19 /* Signupname.swift */; };
		92EE7B342C52B4EA006D0D19 /* Signuppic.swift in Sources */ = {isa = PBXBuildFile; fileRef = 92EE7B332C52B4EA006D0D19 /* Signuppic.swift */; };
		92EE7B372C554E30006D0D19 /* FirebaseStorage in Frameworks */ = {isa = PBXBuildFile; productRef = 92EE7B362C554E30006D0D19 /* FirebaseStorage */; };
		92EE7B392C554E38006D0D19 /* FirebaseFirestore in Frameworks */ = {isa = PBXBuildFile; productRef = 92EE7B382C554E38006D0D19 /* FirebaseFirestore */; };
/* End PBXBuildFile section */

/* Begin PBXFileReference section */
		02241D782C5D484100B4A161 /* CheckSilentModeView.swift */ = {isa = PBXFileReference; lastKnownFileType = sourcecode.swift; path = CheckSilentModeView.swift; sourceTree = "<group>"; };
		02241D7B2C5D48D900B4A161 /* CameraViewTest.swift */ = {isa = PBXFileReference; lastKnownFileType = sourcecode.swift; path = CameraViewTest.swift; sourceTree = "<group>"; };
		02C3FCB42C587FD30087A72B /* GoogleService-Info.plist */ = {isa = PBXFileReference; fileEncoding = 4; lastKnownFileType = text.plist.xml; path = "GoogleService-Info.plist"; sourceTree = "<group>"; };
		02C3FCB62C5882080087A72B /* ProgressView.swift */ = {isa = PBXFileReference; lastKnownFileType = sourcecode.swift; path = ProgressView.swift; sourceTree = "<group>"; };
		02C3FCB82C58824E0087A72B /* KDCircularProgressTest.swift */ = {isa = PBXFileReference; lastKnownFileType = sourcecode.swift; path = KDCircularProgressTest.swift; sourceTree = "<group>"; };
		3928CA2D2C509EC200A5A823 /* Nap.app */ = {isa = PBXFileReference; explicitFileType = wrapper.application; includeInIndex = 0; path = Nap.app; sourceTree = BUILT_PRODUCTS_DIR; };
		3928CA302C509EC200A5A823 /* NapApp.swift */ = {isa = PBXFileReference; lastKnownFileType = sourcecode.swift; path = NapApp.swift; sourceTree = "<group>"; };
		3928CA322C509EC200A5A823 /* ContentView.swift */ = {isa = PBXFileReference; lastKnownFileType = sourcecode.swift; path = ContentView.swift; sourceTree = "<group>"; };
		3928CA342C509EC300A5A823 /* Assets.xcassets */ = {isa = PBXFileReference; lastKnownFileType = folder.assetcatalog; path = Assets.xcassets; sourceTree = "<group>"; };
		3928CA372C509EC300A5A823 /* Preview Assets.xcassets */ = {isa = PBXFileReference; lastKnownFileType = folder.assetcatalog; path = "Preview Assets.xcassets"; sourceTree = "<group>"; };
		3928CA492C50A48C00A5A823 /* View+.swift */ = {isa = PBXFileReference; lastKnownFileType = sourcecode.swift; path = "View+.swift"; sourceTree = "<group>"; };
		3928CA4D2C50A58900A5A823 /* HapticManager.swift */ = {isa = PBXFileReference; lastKnownFileType = sourcecode.swift; path = HapticManager.swift; sourceTree = "<group>"; };
		3928CA4F2C50A63100A5A823 /* Launch Screen.storyboard */ = {isa = PBXFileReference; lastKnownFileType = file.storyboard; path = "Launch Screen.storyboard"; sourceTree = "<group>"; };
		3928CA542C50A69200A5A823 /* Onboarding.swift */ = {isa = PBXFileReference; lastKnownFileType = sourcecode.swift; path = Onboarding.swift; sourceTree = "<group>"; };
		3928CA562C50A6B000A5A823 /* Home.swift */ = {isa = PBXFileReference; lastKnownFileType = sourcecode.swift; path = Home.swift; sourceTree = "<group>"; };
		3928CA582C50A6B800A5A823 /* Friend.swift */ = {isa = PBXFileReference; lastKnownFileType = sourcecode.swift; path = Friend.swift; sourceTree = "<group>"; };
		3928CA5A2C50A6BC00A5A823 /* Feed.swift */ = {isa = PBXFileReference; lastKnownFileType = sourcecode.swift; path = Feed.swift; sourceTree = "<group>"; };
		3928CA5C2C50A6D600A5A823 /* StringConstant.swift */ = {isa = PBXFileReference; lastKnownFileType = sourcecode.swift; path = StringConstant.swift; sourceTree = "<group>"; };
		92EE7B2E2C5169E2006D0D19 /* Nap.entitlements */ = {isa = PBXFileReference; lastKnownFileType = text.plist.entitlements; path = Nap.entitlements; sourceTree = "<group>"; };
		92EE7B312C52B432006D0D19 /* Signupname.swift */ = {isa = PBXFileReference; lastKnownFileType = sourcecode.swift; path = Signupname.swift; sourceTree = "<group>"; };
		92EE7B332C52B4EA006D0D19 /* Signuppic.swift */ = {isa = PBXFileReference; lastKnownFileType = sourcecode.swift; path = Signuppic.swift; sourceTree = "<group>"; };
/* End PBXFileReference section */

/* Begin PBXFrameworksBuildPhase section */
		3928CA2A2C509EC200A5A823 /* Frameworks */ = {
			isa = PBXFrameworksBuildPhase;
			buildActionMask = 2147483647;
			files = (
				92EE7B2B2C516785006D0D19 /* FirebaseAnalytics in Frameworks */,
				92EE7B392C554E38006D0D19 /* FirebaseFirestore in Frameworks */,
				92EE7B2D2C516785006D0D19 /* FirebaseAuth in Frameworks */,
				92EE7B372C554E30006D0D19 /* FirebaseStorage in Frameworks */,
				02C3FCBC2C5882720087A72B /* KDCircularProgress in Frameworks */,
			);
			runOnlyForDeploymentPostprocessing = 0;
		};
/* End PBXFrameworksBuildPhase section */

/* Begin PBXGroup section */
		02241D7A2C5D48B200B4A161 /* Camera */ = {
			isa = PBXGroup;
			children = (
				02241D7B2C5D48D900B4A161 /* CameraViewTest.swift */,
			);
			path = Camera;
			sourceTree = "<group>";
		};
		3928CA242C509EC200A5A823 = {
			isa = PBXGroup;
			children = (
				3928CA2F2C509EC200A5A823 /* Nap */,
				3928CA2E2C509EC200A5A823 /* Products */,
				92EE7B352C554E30006D0D19 /* Frameworks */,
			);
			sourceTree = "<group>";
		};
		3928CA2E2C509EC200A5A823 /* Products */ = {
			isa = PBXGroup;
			children = (
				3928CA2D2C509EC200A5A823 /* Nap.app */,
			);
			name = Products;
			sourceTree = "<group>";
		};
		3928CA2F2C509EC200A5A823 /* Nap */ = {
			isa = PBXGroup;
			children = (
				92EE7B2E2C5169E2006D0D19 /* Nap.entitlements */,
				02C3FCB42C587FD30087A72B /* GoogleService-Info.plist */,
				3928CA3E2C509FB500A5A823 /* Resource */,
				3928CA3F2C509FBD00A5A823 /* Source */,
				3928CA402C509FC300A5A823 /* Supporting File */,
				3928CA362C509EC300A5A823 /* Preview Content */,
			);
			path = Nap;
			sourceTree = "<group>";
		};
		3928CA362C509EC300A5A823 /* Preview Content */ = {
			isa = PBXGroup;
			children = (
				3928CA372C509EC300A5A823 /* Preview Assets.xcassets */,
			);
			path = "Preview Content";
			sourceTree = "<group>";
		};
		3928CA3E2C509FB500A5A823 /* Resource */ = {
			isa = PBXGroup;
			children = (
				3928CA342C509EC300A5A823 /* Assets.xcassets */,
				3928CA422C509FE700A5A823 /* Font */,
				3928CA432C509FED00A5A823 /* Constant */,
				3928CA442C509FFD00A5A823 /* Extension */,
			);
			path = Resource;
			sourceTree = "<group>";
		};
		3928CA3F2C509FBD00A5A823 /* Source */ = {
			isa = PBXGroup;
			children = (
				3928CA452C50A00C00A5A823 /* App */,
				3928CA462C50A01400A5A823 /* UI */,
				3928CA472C50A06500A5A823 /* Helper */,
			);
			path = Source;
			sourceTree = "<group>";
		};
		3928CA402C509FC300A5A823 /* Supporting File */ = {
			isa = PBXGroup;
			children = (
				3928CA4F2C50A63100A5A823 /* Launch Screen.storyboard */,
			);
			path = "Supporting File";
			sourceTree = "<group>";
		};
		3928CA422C509FE700A5A823 /* Font */ = {
			isa = PBXGroup;
			children = (
			);
			path = Font;
			sourceTree = "<group>";
		};
		3928CA432C509FED00A5A823 /* Constant */ = {
			isa = PBXGroup;
			children = (
				3928CA5C2C50A6D600A5A823 /* StringConstant.swift */,
			);
			path = Constant;
			sourceTree = "<group>";
		};
		3928CA442C509FFD00A5A823 /* Extension */ = {
			isa = PBXGroup;
			children = (
				3928CA492C50A48C00A5A823 /* View+.swift */,
			);
			path = Extension;
			sourceTree = "<group>";
		};
		3928CA452C50A00C00A5A823 /* App */ = {
			isa = PBXGroup;
			children = (
				3928CA302C509EC200A5A823 /* NapApp.swift */,
			);
			path = App;
			sourceTree = "<group>";
		};
		3928CA462C50A01400A5A823 /* UI */ = {
			isa = PBXGroup;
			children = (
				3928CA322C509EC200A5A823 /* ContentView.swift */,
				3928CA532C50A67300A5A823 /* Onboarding */,
				3928CA482C50A14000A5A823 /* Home */,
				02241D7A2C5D48B200B4A161 /* Camera */,
				3928CA522C50A66300A5A823 /* Friend */,
				3928CA512C50A65E00A5A823 /* Feed */,
			);
			path = UI;
			sourceTree = "<group>";
		};
		3928CA472C50A06500A5A823 /* Helper */ = {
			isa = PBXGroup;
			children = (
				3928CA4C2C50A4EB00A5A823 /* CustomView */,
				3928CA4B2C50A4E600A5A823 /* Manager */,
			);
			path = Helper;
			sourceTree = "<group>";
		};
		3928CA482C50A14000A5A823 /* Home */ = {
			isa = PBXGroup;
			children = (
				3928CA562C50A6B000A5A823 /* Home.swift */,
				02241D782C5D484100B4A161 /* CheckSilentModeView.swift */,
				02C3FCB62C5882080087A72B /* ProgressView.swift */,
				02C3FCB82C58824E0087A72B /* KDCircularProgressTest.swift */,
			);
			path = Home;
			sourceTree = "<group>";
		};
		3928CA4B2C50A4E600A5A823 /* Manager */ = {
			isa = PBXGroup;
			children = (
				3928CA4D2C50A58900A5A823 /* HapticManager.swift */,
			);
			path = Manager;
			sourceTree = "<group>";
		};
		3928CA4C2C50A4EB00A5A823 /* CustomView */ = {
			isa = PBXGroup;
			children = (
			);
			path = CustomView;
			sourceTree = "<group>";
		};
		3928CA512C50A65E00A5A823 /* Feed */ = {
			isa = PBXGroup;
			children = (
				3928CA5A2C50A6BC00A5A823 /* Feed.swift */,
			);
			path = Feed;
			sourceTree = "<group>";
		};
		3928CA522C50A66300A5A823 /* Friend */ = {
			isa = PBXGroup;
			children = (
				3928CA582C50A6B800A5A823 /* Friend.swift */,
			);
			path = Friend;
			sourceTree = "<group>";
		};
		3928CA532C50A67300A5A823 /* Onboarding */ = {
			isa = PBXGroup;
			children = (
				3928CA542C50A69200A5A823 /* Onboarding.swift */,
				92EE7B312C52B432006D0D19 /* Signupname.swift */,
				92EE7B332C52B4EA006D0D19 /* Signuppic.swift */,
			);
			path = Onboarding;
			sourceTree = "<group>";
		};
		92EE7B352C554E30006D0D19 /* Frameworks */ = {
			isa = PBXGroup;
			children = (
			);
			name = Frameworks;
			sourceTree = "<group>";
		};
/* End PBXGroup section */

/* Begin PBXNativeTarget section */
		3928CA2C2C509EC200A5A823 /* Nap */ = {
			isa = PBXNativeTarget;
			buildConfigurationList = 3928CA3B2C509EC300A5A823 /* Build configuration list for PBXNativeTarget "Nap" */;
			buildPhases = (
				3928CA292C509EC200A5A823 /* Sources */,
				3928CA2A2C509EC200A5A823 /* Frameworks */,
				3928CA2B2C509EC200A5A823 /* Resources */,
			);
			buildRules = (
			);
			dependencies = (
			);
			name = Nap;
			packageProductDependencies = (
				92EE7B2A2C516785006D0D19 /* FirebaseAnalytics */,
				92EE7B2C2C516785006D0D19 /* FirebaseAuth */,
				92EE7B362C554E30006D0D19 /* FirebaseStorage */,
				92EE7B382C554E38006D0D19 /* FirebaseFirestore */,
				02C3FCBB2C5882720087A72B /* KDCircularProgress */,
			);
			productName = Nap;
			productReference = 3928CA2D2C509EC200A5A823 /* Nap.app */;
			productType = "com.apple.product-type.application";
		};
/* End PBXNativeTarget section */

/* Begin PBXProject section */
		3928CA252C509EC200A5A823 /* Project object */ = {
			isa = PBXProject;
			attributes = {
				BuildIndependentTargetsInParallel = 1;
				LastSwiftUpdateCheck = 1540;
				LastUpgradeCheck = 1540;
				TargetAttributes = {
					3928CA2C2C509EC200A5A823 = {
						CreatedOnToolsVersion = 15.4;
					};
				};
			};
			buildConfigurationList = 3928CA282C509EC200A5A823 /* Build configuration list for PBXProject "Nap" */;
			compatibilityVersion = "Xcode 14.0";
			developmentRegion = en;
			hasScannedForEncodings = 0;
			knownRegions = (
				en,
				Base,
			);
			mainGroup = 3928CA242C509EC200A5A823;
			packageReferences = (
				92EE7B292C516785006D0D19 /* XCRemoteSwiftPackageReference "firebase-ios-sdk" */,
				02C3FCBA2C5882720087A72B /* XCRemoteSwiftPackageReference "KDCircularProgress" */,
			);
			productRefGroup = 3928CA2E2C509EC200A5A823 /* Products */;
			projectDirPath = "";
			projectRoot = "";
			targets = (
				3928CA2C2C509EC200A5A823 /* Nap */,
			);
		};
/* End PBXProject section */

/* Begin PBXResourcesBuildPhase section */
		3928CA2B2C509EC200A5A823 /* Resources */ = {
			isa = PBXResourcesBuildPhase;
			buildActionMask = 2147483647;
			files = (
				3928CA502C50A63100A5A823 /* Launch Screen.storyboard in Resources */,
				02C3FCB52C587FD30087A72B /* GoogleService-Info.plist in Resources */,
				3928CA382C509EC300A5A823 /* Preview Assets.xcassets in Resources */,
				3928CA352C509EC300A5A823 /* Assets.xcassets in Resources */,
			);
			runOnlyForDeploymentPostprocessing = 0;
		};
/* End PBXResourcesBuildPhase section */

/* Begin PBXSourcesBuildPhase section */
		3928CA292C509EC200A5A823 /* Sources */ = {
			isa = PBXSourcesBuildPhase;
			buildActionMask = 2147483647;
			files = (
				3928CA332C509EC200A5A823 /* ContentView.swift in Sources */,
				3928CA5B2C50A6BC00A5A823 /* Feed.swift in Sources */,
				3928CA592C50A6B800A5A823 /* Friend.swift in Sources */,
				3928CA5D2C50A6D600A5A823 /* StringConstant.swift in Sources */,
				92EE7B322C52B432006D0D19 /* Signupname.swift in Sources */,
				02241D7C2C5D48D900B4A161 /* CameraViewTest.swift in Sources */,
				02C3FCB72C5882080087A72B /* ProgressView.swift in Sources */,
				3928CA4A2C50A48C00A5A823 /* View+.swift in Sources */,
				3928CA552C50A69200A5A823 /* Onboarding.swift in Sources */,
				3928CA4E2C50A58900A5A823 /* HapticManager.swift in Sources */,
				3928CA572C50A6B000A5A823 /* Home.swift in Sources */,
				3928CA312C509EC200A5A823 /* NapApp.swift in Sources */,
				02C3FCB92C58824E0087A72B /* KDCircularProgressTest.swift in Sources */,
				92EE7B342C52B4EA006D0D19 /* Signuppic.swift in Sources */,
				02241D792C5D484100B4A161 /* CheckSilentModeView.swift in Sources */,
			);
			runOnlyForDeploymentPostprocessing = 0;
		};
/* End PBXSourcesBuildPhase section */

/* Begin XCBuildConfiguration section */
		3928CA392C509EC300A5A823 /* Debug */ = {
			isa = XCBuildConfiguration;
			buildSettings = {
				ALWAYS_SEARCH_USER_PATHS = NO;
				ASSETCATALOG_COMPILER_GENERATE_SWIFT_ASSET_SYMBOL_EXTENSIONS = YES;
				CLANG_ANALYZER_NONNULL = YES;
				CLANG_ANALYZER_NUMBER_OBJECT_CONVERSION = YES_AGGRESSIVE;
				CLANG_CXX_LANGUAGE_STANDARD = "gnu++20";
				CLANG_ENABLE_MODULES = YES;
				CLANG_ENABLE_OBJC_ARC = YES;
				CLANG_ENABLE_OBJC_WEAK = YES;
				CLANG_WARN_BLOCK_CAPTURE_AUTORELEASING = YES;
				CLANG_WARN_BOOL_CONVERSION = YES;
				CLANG_WARN_COMMA = YES;
				CLANG_WARN_CONSTANT_CONVERSION = YES;
				CLANG_WARN_DEPRECATED_OBJC_IMPLEMENTATIONS = YES;
				CLANG_WARN_DIRECT_OBJC_ISA_USAGE = YES_ERROR;
				CLANG_WARN_DOCUMENTATION_COMMENTS = YES;
				CLANG_WARN_EMPTY_BODY = YES;
				CLANG_WARN_ENUM_CONVERSION = YES;
				CLANG_WARN_INFINITE_RECURSION = YES;
				CLANG_WARN_INT_CONVERSION = YES;
				CLANG_WARN_NON_LITERAL_NULL_CONVERSION = YES;
				CLANG_WARN_OBJC_IMPLICIT_RETAIN_SELF = YES;
				CLANG_WARN_OBJC_LITERAL_CONVERSION = YES;
				CLANG_WARN_OBJC_ROOT_CLASS = YES_ERROR;
				CLANG_WARN_QUOTED_INCLUDE_IN_FRAMEWORK_HEADER = YES;
				CLANG_WARN_RANGE_LOOP_ANALYSIS = YES;
				CLANG_WARN_STRICT_PROTOTYPES = YES;
				CLANG_WARN_SUSPICIOUS_MOVE = YES;
				CLANG_WARN_UNGUARDED_AVAILABILITY = YES_AGGRESSIVE;
				CLANG_WARN_UNREACHABLE_CODE = YES;
				CLANG_WARN__DUPLICATE_METHOD_MATCH = YES;
				COPY_PHASE_STRIP = NO;
				DEBUG_INFORMATION_FORMAT = dwarf;
				ENABLE_STRICT_OBJC_MSGSEND = YES;
				ENABLE_TESTABILITY = YES;
				ENABLE_USER_SCRIPT_SANDBOXING = YES;
				GCC_C_LANGUAGE_STANDARD = gnu17;
				GCC_DYNAMIC_NO_PIC = NO;
				GCC_NO_COMMON_BLOCKS = YES;
				GCC_OPTIMIZATION_LEVEL = 0;
				GCC_PREPROCESSOR_DEFINITIONS = (
					"DEBUG=1",
					"$(inherited)",
				);
				GCC_WARN_64_TO_32_BIT_CONVERSION = YES;
				GCC_WARN_ABOUT_RETURN_TYPE = YES_ERROR;
				GCC_WARN_UNDECLARED_SELECTOR = YES;
				GCC_WARN_UNINITIALIZED_AUTOS = YES_AGGRESSIVE;
				GCC_WARN_UNUSED_FUNCTION = YES;
				GCC_WARN_UNUSED_VARIABLE = YES;
				IPHONEOS_DEPLOYMENT_TARGET = 17.0;
				LOCALIZATION_PREFERS_STRING_CATALOGS = YES;
				MTL_ENABLE_DEBUG_INFO = INCLUDE_SOURCE;
				MTL_FAST_MATH = YES;
				ONLY_ACTIVE_ARCH = YES;
				SDKROOT = iphoneos;
				SWIFT_ACTIVE_COMPILATION_CONDITIONS = "DEBUG $(inherited)";
				SWIFT_OPTIMIZATION_LEVEL = "-Onone";
			};
			name = Debug;
		};
		3928CA3A2C509EC300A5A823 /* Release */ = {
			isa = XCBuildConfiguration;
			buildSettings = {
				ALWAYS_SEARCH_USER_PATHS = NO;
				ASSETCATALOG_COMPILER_GENERATE_SWIFT_ASSET_SYMBOL_EXTENSIONS = YES;
				CLANG_ANALYZER_NONNULL = YES;
				CLANG_ANALYZER_NUMBER_OBJECT_CONVERSION = YES_AGGRESSIVE;
				CLANG_CXX_LANGUAGE_STANDARD = "gnu++20";
				CLANG_ENABLE_MODULES = YES;
				CLANG_ENABLE_OBJC_ARC = YES;
				CLANG_ENABLE_OBJC_WEAK = YES;
				CLANG_WARN_BLOCK_CAPTURE_AUTORELEASING = YES;
				CLANG_WARN_BOOL_CONVERSION = YES;
				CLANG_WARN_COMMA = YES;
				CLANG_WARN_CONSTANT_CONVERSION = YES;
				CLANG_WARN_DEPRECATED_OBJC_IMPLEMENTATIONS = YES;
				CLANG_WARN_DIRECT_OBJC_ISA_USAGE = YES_ERROR;
				CLANG_WARN_DOCUMENTATION_COMMENTS = YES;
				CLANG_WARN_EMPTY_BODY = YES;
				CLANG_WARN_ENUM_CONVERSION = YES;
				CLANG_WARN_INFINITE_RECURSION = YES;
				CLANG_WARN_INT_CONVERSION = YES;
				CLANG_WARN_NON_LITERAL_NULL_CONVERSION = YES;
				CLANG_WARN_OBJC_IMPLICIT_RETAIN_SELF = YES;
				CLANG_WARN_OBJC_LITERAL_CONVERSION = YES;
				CLANG_WARN_OBJC_ROOT_CLASS = YES_ERROR;
				CLANG_WARN_QUOTED_INCLUDE_IN_FRAMEWORK_HEADER = YES;
				CLANG_WARN_RANGE_LOOP_ANALYSIS = YES;
				CLANG_WARN_STRICT_PROTOTYPES = YES;
				CLANG_WARN_SUSPICIOUS_MOVE = YES;
				CLANG_WARN_UNGUARDED_AVAILABILITY = YES_AGGRESSIVE;
				CLANG_WARN_UNREACHABLE_CODE = YES;
				CLANG_WARN__DUPLICATE_METHOD_MATCH = YES;
				COPY_PHASE_STRIP = NO;
				DEBUG_INFORMATION_FORMAT = "dwarf-with-dsym";
				ENABLE_NS_ASSERTIONS = NO;
				ENABLE_STRICT_OBJC_MSGSEND = YES;
				ENABLE_USER_SCRIPT_SANDBOXING = YES;
				GCC_C_LANGUAGE_STANDARD = gnu17;
				GCC_NO_COMMON_BLOCKS = YES;
				GCC_WARN_64_TO_32_BIT_CONVERSION = YES;
				GCC_WARN_ABOUT_RETURN_TYPE = YES_ERROR;
				GCC_WARN_UNDECLARED_SELECTOR = YES;
				GCC_WARN_UNINITIALIZED_AUTOS = YES_AGGRESSIVE;
				GCC_WARN_UNUSED_FUNCTION = YES;
				GCC_WARN_UNUSED_VARIABLE = YES;
				IPHONEOS_DEPLOYMENT_TARGET = 17.0;
				LOCALIZATION_PREFERS_STRING_CATALOGS = YES;
				MTL_ENABLE_DEBUG_INFO = NO;
				MTL_FAST_MATH = YES;
				SDKROOT = iphoneos;
				SWIFT_COMPILATION_MODE = wholemodule;
				VALIDATE_PRODUCT = YES;
			};
			name = Release;
		};
		3928CA3C2C509EC300A5A823 /* Debug */ = {
			isa = XCBuildConfiguration;
			buildSettings = {
				ASSETCATALOG_COMPILER_APPICON_NAME = AppIcon;
				ASSETCATALOG_COMPILER_GLOBAL_ACCENT_COLOR_NAME = AccentColor;
				ASSETCATALOG_COMPILER_INCLUDE_ALL_APPICON_ASSETS = NO;
				CODE_SIGN_ENTITLEMENTS = Nap/Nap.entitlements;
				CODE_SIGN_STYLE = Automatic;
				CURRENT_PROJECT_VERSION = 1;
				DEVELOPMENT_ASSET_PATHS = "\"Nap/Preview Content\"";
				DEVELOPMENT_TEAM = B9JK9X5522;
				ENABLE_PREVIEWS = YES;
				GENERATE_INFOPLIST_FILE = YES;
				INFOPLIST_KEY_CFBundleDisplayName = Nap;
				INFOPLIST_KEY_LSApplicationCategoryType = "public.app-category.lifestyle";
				INFOPLIST_KEY_UIApplicationSceneManifest_Generation = YES;
				INFOPLIST_KEY_UIApplicationSupportsIndirectInputEvents = YES;
				INFOPLIST_KEY_UILaunchScreen_Generation = YES;
				INFOPLIST_KEY_UILaunchStoryboardName = "Launch Screen.storyboard";
				INFOPLIST_KEY_UISupportedInterfaceOrientations = UIInterfaceOrientationPortrait;
				INFOPLIST_KEY_UISupportedInterfaceOrientations_iPad = UIInterfaceOrientationLandscapeLeft;
				IPHONEOS_DEPLOYMENT_TARGET = 16.0;
				LD_RUNPATH_SEARCH_PATHS = (
					"$(inherited)",
					"@executable_path/Frameworks",
				);
				MARKETING_VERSION = 1.0;
				PRODUCT_BUNDLE_IDENTIFIER = com.Nappp.Nap;
				PRODUCT_NAME = "$(TARGET_NAME)";
				SUPPORTED_PLATFORMS = "iphoneos iphonesimulator";
				SUPPORTS_MACCATALYST = NO;
				SUPPORTS_MAC_DESIGNED_FOR_IPHONE_IPAD = NO;
				SUPPORTS_XR_DESIGNED_FOR_IPHONE_IPAD = NO;
				SWIFT_EMIT_LOC_STRINGS = YES;
				SWIFT_VERSION = 5.0;
				TARGETED_DEVICE_FAMILY = 1;
			};
			name = Debug;
		};
		3928CA3D2C509EC300A5A823 /* Release */ = {
			isa = XCBuildConfiguration;
			buildSettings = {
				ASSETCATALOG_COMPILER_APPICON_NAME = AppIcon;
				ASSETCATALOG_COMPILER_GLOBAL_ACCENT_COLOR_NAME = AccentColor;
				ASSETCATALOG_COMPILER_INCLUDE_ALL_APPICON_ASSETS = NO;
				CODE_SIGN_ENTITLEMENTS = Nap/Nap.entitlements;
				CODE_SIGN_STYLE = Automatic;
				CURRENT_PROJECT_VERSION = 1;
				DEVELOPMENT_ASSET_PATHS = "\"Nap/Preview Content\"";
				DEVELOPMENT_TEAM = B9JK9X5522;
				ENABLE_PREVIEWS = YES;
				GENERATE_INFOPLIST_FILE = YES;
				INFOPLIST_KEY_CFBundleDisplayName = Nap;
				INFOPLIST_KEY_LSApplicationCategoryType = "public.app-category.lifestyle";
				INFOPLIST_KEY_UIApplicationSceneManifest_Generation = YES;
				INFOPLIST_KEY_UIApplicationSupportsIndirectInputEvents = YES;
				INFOPLIST_KEY_UILaunchScreen_Generation = YES;
				INFOPLIST_KEY_UILaunchStoryboardName = "Launch Screen.storyboard";
				INFOPLIST_KEY_UISupportedInterfaceOrientations = UIInterfaceOrientationPortrait;
				INFOPLIST_KEY_UISupportedInterfaceOrientations_iPad = UIInterfaceOrientationLandscapeLeft;
				IPHONEOS_DEPLOYMENT_TARGET = 16.0;
				LD_RUNPATH_SEARCH_PATHS = (
					"$(inherited)",
					"@executable_path/Frameworks",
				);
				MARKETING_VERSION = 1.0;
				PRODUCT_BUNDLE_IDENTIFIER = com.Nappp.Nap;
				PRODUCT_NAME = "$(TARGET_NAME)";
				SUPPORTED_PLATFORMS = "iphoneos iphonesimulator";
				SUPPORTS_MACCATALYST = NO;
				SUPPORTS_MAC_DESIGNED_FOR_IPHONE_IPAD = NO;
				SUPPORTS_XR_DESIGNED_FOR_IPHONE_IPAD = NO;
				SWIFT_EMIT_LOC_STRINGS = YES;
				SWIFT_VERSION = 5.0;
				TARGETED_DEVICE_FAMILY = 1;
			};
			name = Release;
		};
/* End XCBuildConfiguration section */

/* Begin XCConfigurationList section */
		3928CA282C509EC200A5A823 /* Build configuration list for PBXProject "Nap" */ = {
			isa = XCConfigurationList;
			buildConfigurations = (
				3928CA392C509EC300A5A823 /* Debug */,
				3928CA3A2C509EC300A5A823 /* Release */,
			);
			defaultConfigurationIsVisible = 0;
			defaultConfigurationName = Release;
		};
		3928CA3B2C509EC300A5A823 /* Build configuration list for PBXNativeTarget "Nap" */ = {
			isa = XCConfigurationList;
			buildConfigurations = (
				3928CA3C2C509EC300A5A823 /* Debug */,
				3928CA3D2C509EC300A5A823 /* Release */,
			);
			defaultConfigurationIsVisible = 0;
			defaultConfigurationName = Release;
		};
/* End XCConfigurationList section */

/* Begin XCRemoteSwiftPackageReference section */
		02C3FCBA2C5882720087A72B /* XCRemoteSwiftPackageReference "KDCircularProgress" */ = {
			isa = XCRemoteSwiftPackageReference;
			repositoryURL = "https://github.com/kaandedeoglu/KDCircularProgress.git";
			requirement = {
				kind = upToNextMajorVersion;
				minimumVersion = 1.5.4;
			};
		};
		92EE7B292C516785006D0D19 /* XCRemoteSwiftPackageReference "firebase-ios-sdk" */ = {
			isa = XCRemoteSwiftPackageReference;
			repositoryURL = "https://github.com/firebase/firebase-ios-sdk";
			requirement = {
				kind = upToNextMajorVersion;
				minimumVersion = 10.29.0;
			};
		};
/* End XCRemoteSwiftPackageReference section */

/* Begin XCSwiftPackageProductDependency section */
		02C3FCBB2C5882720087A72B /* KDCircularProgress */ = {
			isa = XCSwiftPackageProductDependency;
			package = 02C3FCBA2C5882720087A72B /* XCRemoteSwiftPackageReference "KDCircularProgress" */;
			productName = KDCircularProgress;
		};
		92EE7B2A2C516785006D0D19 /* FirebaseAnalytics */ = {
			isa = XCSwiftPackageProductDependency;
			package = 92EE7B292C516785006D0D19 /* XCRemoteSwiftPackageReference "firebase-ios-sdk" */;
			productName = FirebaseAnalytics;
		};
		92EE7B2C2C516785006D0D19 /* FirebaseAuth */ = {
			isa = XCSwiftPackageProductDependency;
			package = 92EE7B292C516785006D0D19 /* XCRemoteSwiftPackageReference "firebase-ios-sdk" */;
			productName = FirebaseAuth;
		};
		92EE7B362C554E30006D0D19 /* FirebaseStorage */ = {
			isa = XCSwiftPackageProductDependency;
			package = 92EE7B292C516785006D0D19 /* XCRemoteSwiftPackageReference "firebase-ios-sdk" */;
			productName = FirebaseStorage;
		};
		92EE7B382C554E38006D0D19 /* FirebaseFirestore */ = {
			isa = XCSwiftPackageProductDependency;
			package = 92EE7B292C516785006D0D19 /* XCRemoteSwiftPackageReference "firebase-ios-sdk" */;
			productName = FirebaseFirestore;
		};
/* End XCSwiftPackageProductDependency section */
	};
	rootObject = 3928CA252C509EC200A5A823 /* Project object */;
}
