// !$*UTF8*$!
{
	archiveVersion = 1;
	classes = {
	};
	objectVersion = 56;
	objects = {

/* Begin PBXBuildFile section */
		02051DDB2C5E551900BAEF10 /* CameraPreview.swift in Sources */ = {isa = PBXBuildFile; fileRef = 02051DDA2C5E551900BAEF10 /* CameraPreview.swift */; };
		02051DDE2C5E559200BAEF10 /* SnapKit in Frameworks */ = {isa = PBXBuildFile; productRef = 02051DDD2C5E559200BAEF10 /* SnapKit */; };
		02241D792C5D484100B4A161 /* LavenderCheckSilentModeView.swift in Sources */ = {isa = PBXBuildFile; fileRef = 02241D782C5D484100B4A161 /* LavenderCheckSilentModeView.swift */; };
		02241D7C2C5D48D900B4A161 /* NapPhotoView.swift in Sources */ = {isa = PBXBuildFile; fileRef = 02241D7B2C5D48D900B4A161 /* NapPhotoView.swift */; };
		02C3FCB52C587FD30087A72B /* GoogleService-Info.plist in Resources */ = {isa = PBXBuildFile; fileRef = 02C3FCB42C587FD30087A72B /* GoogleService-Info.plist */; };
		02C3FCB72C5882080087A72B /* LavenderProgressView.swift in Sources */ = {isa = PBXBuildFile; fileRef = 02C3FCB62C5882080087A72B /* LavenderProgressView.swift */; };
		02C3FCB92C58824E0087A72B /* KDCircularProgressTest.swift in Sources */ = {isa = PBXBuildFile; fileRef = 02C3FCB82C58824E0087A72B /* KDCircularProgressTest.swift */; };
		02C3FCBC2C5882720087A72B /* KDCircularProgress in Frameworks */ = {isa = PBXBuildFile; productRef = 02C3FCBB2C5882720087A72B /* KDCircularProgress */; };
		390283952C5389C500D8ACF5 /* UIScreen+.swift in Sources */ = {isa = PBXBuildFile; fileRef = 390283942C5389C500D8ACF5 /* UIScreen+.swift */; };
		390283992C53C9F600D8ACF5 /* BackgroundImage.swift in Sources */ = {isa = PBXBuildFile; fileRef = 390283982C53C9F600D8ACF5 /* BackgroundImage.swift */; };
		3902839D2C553F7A00D8ACF5 /* Pretendard-SemiBold.otf in Resources */ = {isa = PBXBuildFile; fileRef = 3902839A2C553F7A00D8ACF5 /* Pretendard-SemiBold.otf */; };
		3902839E2C553F7A00D8ACF5 /* Pretendard-Medium.otf in Resources */ = {isa = PBXBuildFile; fileRef = 3902839B2C553F7A00D8ACF5 /* Pretendard-Medium.otf */; };
		3902839F2C553F7A00D8ACF5 /* Pretendard-Bold.otf in Resources */ = {isa = PBXBuildFile; fileRef = 3902839C2C553F7A00D8ACF5 /* Pretendard-Bold.otf */; };
		390283A22C55407C00D8ACF5 /* Font+.swift in Sources */ = {isa = PBXBuildFile; fileRef = 390283A12C55407C00D8ACF5 /* Font+.swift */; };
		390283A62C556DB900D8ACF5 /* FeedRegister.swift in Sources */ = {isa = PBXBuildFile; fileRef = 390283A52C556DB900D8ACF5 /* FeedRegister.swift */; };
		390283A82C5607D100D8ACF5 /* FriendRow.swift in Sources */ = {isa = PBXBuildFile; fileRef = 390283A72C5607D100D8ACF5 /* FriendRow.swift */; };
		390283AA2C56165600D8ACF5 /* FriendRequestRow.swift in Sources */ = {isa = PBXBuildFile; fileRef = 390283A92C56165600D8ACF5 /* FriendRequestRow.swift */; };
		390283AC2C562E7600D8ACF5 /* FriendAdd.swift in Sources */ = {isa = PBXBuildFile; fileRef = 390283AB2C562E7600D8ACF5 /* FriendAdd.swift */; };
		390283AE2C566B9E00D8ACF5 /* BlueButtonLabel.swift in Sources */ = {isa = PBXBuildFile; fileRef = 390283AD2C566B9E00D8ACF5 /* BlueButtonLabel.swift */; };
		391A428F2C5E86E900A9DABA /* CircularProgressView.swift in Sources */ = {isa = PBXBuildFile; fileRef = 391A428E2C5E86E900A9DABA /* CircularProgressView.swift */; };
		391A42912C5F6EFE00A9DABA /* NapFeedRegister.swift in Sources */ = {isa = PBXBuildFile; fileRef = 391A42902C5F6EFE00A9DABA /* NapFeedRegister.swift */; };
		3928CA312C509EC200A5A823 /* NapApp.swift in Sources */ = {isa = PBXBuildFile; fileRef = 3928CA302C509EC200A5A823 /* NapApp.swift */; };
		3928CA332C509EC200A5A823 /* ContentView.swift in Sources */ = {isa = PBXBuildFile; fileRef = 3928CA322C509EC200A5A823 /* ContentView.swift */; };
		3928CA352C509EC300A5A823 /* Assets.xcassets in Resources */ = {isa = PBXBuildFile; fileRef = 3928CA342C509EC300A5A823 /* Assets.xcassets */; };
		3928CA382C509EC300A5A823 /* Preview Assets.xcassets in Resources */ = {isa = PBXBuildFile; fileRef = 3928CA372C509EC300A5A823 /* Preview Assets.xcassets */; };
		3928CA4A2C50A48C00A5A823 /* View+.swift in Sources */ = {isa = PBXBuildFile; fileRef = 3928CA492C50A48C00A5A823 /* View+.swift */; };
		3928CA4E2C50A58900A5A823 /* HapticManager.swift in Sources */ = {isa = PBXBuildFile; fileRef = 3928CA4D2C50A58900A5A823 /* HapticManager.swift */; };
		3928CA502C50A63100A5A823 /* Launch Screen.storyboard in Resources */ = {isa = PBXBuildFile; fileRef = 3928CA4F2C50A63100A5A823 /* Launch Screen.storyboard */; };
		3928CA552C50A69200A5A823 /* Onboarding.swift in Sources */ = {isa = PBXBuildFile; fileRef = 3928CA542C50A69200A5A823 /* Onboarding.swift */; };
		3928CA572C50A6B000A5A823 /* LavenderHome.swift in Sources */ = {isa = PBXBuildFile; fileRef = 3928CA562C50A6B000A5A823 /* LavenderHome.swift */; };
		3928CA592C50A6B800A5A823 /* Friend.swift in Sources */ = {isa = PBXBuildFile; fileRef = 3928CA582C50A6B800A5A823 /* Friend.swift */; };
		3928CA5B2C50A6BC00A5A823 /* Feed.swift in Sources */ = {isa = PBXBuildFile; fileRef = 3928CA5A2C50A6BC00A5A823 /* Feed.swift */; };
		3928CA5D2C50A6D600A5A823 /* StringConstant.swift in Sources */ = {isa = PBXBuildFile; fileRef = 3928CA5C2C50A6D600A5A823 /* StringConstant.swift */; };
		3928CA5F2C50E32D00A5A823 /* FeedCard.swift in Sources */ = {isa = PBXBuildFile; fileRef = 3928CA5E2C50E32D00A5A823 /* FeedCard.swift */; };
		3928CA632C50FB5E00A5A823 /* BackgroundBlur.swift in Sources */ = {isa = PBXBuildFile; fileRef = 3928CA622C50FB5E00A5A823 /* BackgroundBlur.swift */; };
		393E8E6D2C5E5C8300780DF6 /* SilentModeCheckView.swift in Sources */ = {isa = PBXBuildFile; fileRef = 393E8E6C2C5E5C8300780DF6 /* SilentModeCheckView.swift */; };
		393E8E6F2C5E606C00780DF6 /* NavigationManager.swift in Sources */ = {isa = PBXBuildFile; fileRef = 393E8E6E2C5E606C00780DF6 /* NavigationManager.swift */; };
		393E8E712C5E651B00780DF6 /* NapProgress.swift in Sources */ = {isa = PBXBuildFile; fileRef = 393E8E702C5E651B00780DF6 /* NapProgress.swift */; };
		399587C02C5A8F2300454D74 /* FirebaseManager.swift in Sources */ = {isa = PBXBuildFile; fileRef = 399587BF2C5A8F2300454D74 /* FirebaseManager.swift */; };
		3999BE462C57DA5A00C48F68 /* NicknameSetting.swift in Sources */ = {isa = PBXBuildFile; fileRef = 3999BE452C57DA5A00C48F68 /* NicknameSetting.swift */; };
		3999BE482C5811E700C48F68 /* ProfileSetting.swift in Sources */ = {isa = PBXBuildFile; fileRef = 3999BE472C5811E700C48F68 /* ProfileSetting.swift */; };
		3999BE4C2C588A0C00C48F68 /* JoseOnboarding.swift in Sources */ = {isa = PBXBuildFile; fileRef = 3999BE4B2C588A0C00C48F68 /* JoseOnboarding.swift */; };
		39DBCC392C5BA8400039A728 /* StepSlider in Frameworks */ = {isa = PBXBuildFile; productRef = 39DBCC382C5BA8400039A728 /* StepSlider */; };
		39DBCC3B2C5BE2080039A728 /* Home.swift in Sources */ = {isa = PBXBuildFile; fileRef = 39DBCC3A2C5BE2080039A728 /* Home.swift */; };
		39DBCC3D2C5BF3410039A728 /* MainButtonLabel.swift in Sources */ = {isa = PBXBuildFile; fileRef = 39DBCC3C2C5BF3410039A728 /* MainButtonLabel.swift */; };
		92EE7B2B2C516785006D0D19 /* FirebaseAnalytics in Frameworks */ = {isa = PBXBuildFile; productRef = 92EE7B2A2C516785006D0D19 /* FirebaseAnalytics */; };
		92EE7B2D2C516785006D0D19 /* FirebaseAuth in Frameworks */ = {isa = PBXBuildFile; productRef = 92EE7B2C2C516785006D0D19 /* FirebaseAuth */; };
		92EE7B322C52B432006D0D19 /* JoseSignupname.swift in Sources */ = {isa = PBXBuildFile; fileRef = 92EE7B312C52B432006D0D19 /* JoseSignupname.swift */; };
		92EE7B342C52B4EA006D0D19 /* JoseSignuppic.swift in Sources */ = {isa = PBXBuildFile; fileRef = 92EE7B332C52B4EA006D0D19 /* JoseSignuppic.swift */; };
		92EE7B372C554E30006D0D19 /* FirebaseStorage in Frameworks */ = {isa = PBXBuildFile; productRef = 92EE7B362C554E30006D0D19 /* FirebaseStorage */; };
		92EE7B392C554E38006D0D19 /* FirebaseFirestore in Frameworks */ = {isa = PBXBuildFile; productRef = 92EE7B382C554E38006D0D19 /* FirebaseFirestore */; };
/* End PBXBuildFile section */

/* Begin PBXFileReference section */
		02051DDA2C5E551900BAEF10 /* CameraPreview.swift */ = {isa = PBXFileReference; lastKnownFileType = sourcecode.swift; path = CameraPreview.swift; sourceTree = "<group>"; };
		02241D782C5D484100B4A161 /* LavenderCheckSilentModeView.swift */ = {isa = PBXFileReference; lastKnownFileType = sourcecode.swift; path = LavenderCheckSilentModeView.swift; sourceTree = "<group>"; };
		02241D7B2C5D48D900B4A161 /* NapPhotoView.swift */ = {isa = PBXFileReference; lastKnownFileType = sourcecode.swift; path = NapPhotoView.swift; sourceTree = "<group>"; };
		02C3FCB42C587FD30087A72B /* GoogleService-Info.plist */ = {isa = PBXFileReference; fileEncoding = 4; lastKnownFileType = text.plist.xml; path = "GoogleService-Info.plist"; sourceTree = "<group>"; };
		02C3FCB62C5882080087A72B /* LavenderProgressView.swift */ = {isa = PBXFileReference; lastKnownFileType = sourcecode.swift; path = LavenderProgressView.swift; sourceTree = "<group>"; };
		02C3FCB82C58824E0087A72B /* KDCircularProgressTest.swift */ = {isa = PBXFileReference; lastKnownFileType = sourcecode.swift; path = KDCircularProgressTest.swift; sourceTree = "<group>"; };
		390283942C5389C500D8ACF5 /* UIScreen+.swift */ = {isa = PBXFileReference; lastKnownFileType = sourcecode.swift; path = "UIScreen+.swift"; sourceTree = "<group>"; };
		390283982C53C9F600D8ACF5 /* BackgroundImage.swift */ = {isa = PBXFileReference; lastKnownFileType = sourcecode.swift; path = BackgroundImage.swift; sourceTree = "<group>"; };
		3902839A2C553F7A00D8ACF5 /* Pretendard-SemiBold.otf */ = {isa = PBXFileReference; lastKnownFileType = file; path = "Pretendard-SemiBold.otf"; sourceTree = "<group>"; };
		3902839B2C553F7A00D8ACF5 /* Pretendard-Medium.otf */ = {isa = PBXFileReference; lastKnownFileType = file; path = "Pretendard-Medium.otf"; sourceTree = "<group>"; };
		3902839C2C553F7A00D8ACF5 /* Pretendard-Bold.otf */ = {isa = PBXFileReference; lastKnownFileType = file; path = "Pretendard-Bold.otf"; sourceTree = "<group>"; };
		390283A02C553F8A00D8ACF5 /* Info.plist */ = {isa = PBXFileReference; lastKnownFileType = text.plist.xml; path = Info.plist; sourceTree = "<group>"; };
		390283A12C55407C00D8ACF5 /* Font+.swift */ = {isa = PBXFileReference; lastKnownFileType = sourcecode.swift; path = "Font+.swift"; sourceTree = "<group>"; };
		390283A52C556DB900D8ACF5 /* FeedRegister.swift */ = {isa = PBXFileReference; lastKnownFileType = sourcecode.swift; path = FeedRegister.swift; sourceTree = "<group>"; };
		390283A72C5607D100D8ACF5 /* FriendRow.swift */ = {isa = PBXFileReference; lastKnownFileType = sourcecode.swift; path = FriendRow.swift; sourceTree = "<group>"; };
		390283A92C56165600D8ACF5 /* FriendRequestRow.swift */ = {isa = PBXFileReference; lastKnownFileType = sourcecode.swift; path = FriendRequestRow.swift; sourceTree = "<group>"; };
		390283AB2C562E7600D8ACF5 /* FriendAdd.swift */ = {isa = PBXFileReference; lastKnownFileType = sourcecode.swift; path = FriendAdd.swift; sourceTree = "<group>"; };
		390283AD2C566B9E00D8ACF5 /* BlueButtonLabel.swift */ = {isa = PBXFileReference; lastKnownFileType = sourcecode.swift; path = BlueButtonLabel.swift; sourceTree = "<group>"; };
		391A428E2C5E86E900A9DABA /* CircularProgressView.swift */ = {isa = PBXFileReference; lastKnownFileType = sourcecode.swift; path = CircularProgressView.swift; sourceTree = "<group>"; };
		391A42902C5F6EFE00A9DABA /* NapFeedRegister.swift */ = {isa = PBXFileReference; lastKnownFileType = sourcecode.swift; path = NapFeedRegister.swift; sourceTree = "<group>"; };
		3928CA2D2C509EC200A5A823 /* Nap.app */ = {isa = PBXFileReference; explicitFileType = wrapper.application; includeInIndex = 0; path = Nap.app; sourceTree = BUILT_PRODUCTS_DIR; };
		3928CA302C509EC200A5A823 /* NapApp.swift */ = {isa = PBXFileReference; lastKnownFileType = sourcecode.swift; path = NapApp.swift; sourceTree = "<group>"; };
		3928CA322C509EC200A5A823 /* ContentView.swift */ = {isa = PBXFileReference; lastKnownFileType = sourcecode.swift; path = ContentView.swift; sourceTree = "<group>"; };
		3928CA342C509EC300A5A823 /* Assets.xcassets */ = {isa = PBXFileReference; lastKnownFileType = folder.assetcatalog; path = Assets.xcassets; sourceTree = "<group>"; };
		3928CA372C509EC300A5A823 /* Preview Assets.xcassets */ = {isa = PBXFileReference; lastKnownFileType = folder.assetcatalog; path = "Preview Assets.xcassets"; sourceTree = "<group>"; };
		3928CA492C50A48C00A5A823 /* View+.swift */ = {isa = PBXFileReference; lastKnownFileType = sourcecode.swift; path = "View+.swift"; sourceTree = "<group>"; };
		3928CA4D2C50A58900A5A823 /* HapticManager.swift */ = {isa = PBXFileReference; lastKnownFileType = sourcecode.swift; path = HapticManager.swift; sourceTree = "<group>"; };
		3928CA4F2C50A63100A5A823 /* Launch Screen.storyboard */ = {isa = PBXFileReference; lastKnownFileType = file.storyboard; path = "Launch Screen.storyboard"; sourceTree = "<group>"; };
		3928CA542C50A69200A5A823 /* Onboarding.swift */ = {isa = PBXFileReference; lastKnownFileType = sourcecode.swift; path = Onboarding.swift; sourceTree = "<group>"; };
		3928CA562C50A6B000A5A823 /* LavenderHome.swift */ = {isa = PBXFileReference; lastKnownFileType = sourcecode.swift; path = LavenderHome.swift; sourceTree = "<group>"; };
		3928CA582C50A6B800A5A823 /* Friend.swift */ = {isa = PBXFileReference; lastKnownFileType = sourcecode.swift; path = Friend.swift; sourceTree = "<group>"; };
		3928CA5A2C50A6BC00A5A823 /* Feed.swift */ = {isa = PBXFileReference; lastKnownFileType = sourcecode.swift; path = Feed.swift; sourceTree = "<group>"; };
		3928CA5C2C50A6D600A5A823 /* StringConstant.swift */ = {isa = PBXFileReference; lastKnownFileType = sourcecode.swift; path = StringConstant.swift; sourceTree = "<group>"; };
		3928CA5E2C50E32D00A5A823 /* FeedCard.swift */ = {isa = PBXFileReference; lastKnownFileType = sourcecode.swift; path = FeedCard.swift; sourceTree = "<group>"; };
		3928CA622C50FB5E00A5A823 /* BackgroundBlur.swift */ = {isa = PBXFileReference; lastKnownFileType = sourcecode.swift; path = BackgroundBlur.swift; sourceTree = "<group>"; };
		393E8E6C2C5E5C8300780DF6 /* SilentModeCheckView.swift */ = {isa = PBXFileReference; lastKnownFileType = sourcecode.swift; path = SilentModeCheckView.swift; sourceTree = "<group>"; };
		393E8E6E2C5E606C00780DF6 /* NavigationManager.swift */ = {isa = PBXFileReference; lastKnownFileType = sourcecode.swift; path = NavigationManager.swift; sourceTree = "<group>"; };
		393E8E702C5E651B00780DF6 /* NapProgress.swift */ = {isa = PBXFileReference; lastKnownFileType = sourcecode.swift; path = NapProgress.swift; sourceTree = "<group>"; };
		399587BF2C5A8F2300454D74 /* FirebaseManager.swift */ = {isa = PBXFileReference; lastKnownFileType = sourcecode.swift; path = FirebaseManager.swift; sourceTree = "<group>"; };
		3999BE452C57DA5A00C48F68 /* NicknameSetting.swift */ = {isa = PBXFileReference; lastKnownFileType = sourcecode.swift; path = NicknameSetting.swift; sourceTree = "<group>"; };
		3999BE472C5811E700C48F68 /* ProfileSetting.swift */ = {isa = PBXFileReference; lastKnownFileType = sourcecode.swift; path = ProfileSetting.swift; sourceTree = "<group>"; };
		3999BE4B2C588A0C00C48F68 /* JoseOnboarding.swift */ = {isa = PBXFileReference; lastKnownFileType = sourcecode.swift; path = JoseOnboarding.swift; sourceTree = "<group>"; };
		39DBCC3A2C5BE2080039A728 /* Home.swift */ = {isa = PBXFileReference; lastKnownFileType = sourcecode.swift; path = Home.swift; sourceTree = "<group>"; };
		39DBCC3C2C5BF3410039A728 /* MainButtonLabel.swift */ = {isa = PBXFileReference; lastKnownFileType = sourcecode.swift; path = MainButtonLabel.swift; sourceTree = "<group>"; };
		92EE7B2E2C5169E2006D0D19 /* Nap.entitlements */ = {isa = PBXFileReference; lastKnownFileType = text.plist.entitlements; path = Nap.entitlements; sourceTree = "<group>"; };
		92EE7B312C52B432006D0D19 /* JoseSignupname.swift */ = {isa = PBXFileReference; lastKnownFileType = sourcecode.swift; path = JoseSignupname.swift; sourceTree = "<group>"; };
		92EE7B332C52B4EA006D0D19 /* JoseSignuppic.swift */ = {isa = PBXFileReference; lastKnownFileType = sourcecode.swift; path = JoseSignuppic.swift; sourceTree = "<group>"; };
/* End PBXFileReference section */

/* Begin PBXFrameworksBuildPhase section */
		3928CA2A2C509EC200A5A823 /* Frameworks */ = {
			isa = PBXFrameworksBuildPhase;
			buildActionMask = 2147483647;
			files = (
				92EE7B2B2C516785006D0D19 /* FirebaseAnalytics in Frameworks */,
				92EE7B392C554E38006D0D19 /* FirebaseFirestore in Frameworks */,
				92EE7B2D2C516785006D0D19 /* FirebaseAuth in Frameworks */,
				02051DDE2C5E559200BAEF10 /* SnapKit in Frameworks */,
				92EE7B372C554E30006D0D19 /* FirebaseStorage in Frameworks */,
				02C3FCBC2C5882720087A72B /* KDCircularProgress in Frameworks */,
				39DBCC392C5BA8400039A728 /* StepSlider in Frameworks */,
			);
			runOnlyForDeploymentPostprocessing = 0;
		};
/* End PBXFrameworksBuildPhase section */

/* Begin PBXGroup section */
		02241D7A2C5D48B200B4A161 /* NapFeedRegister */ = {
			isa = PBXGroup;
			children = (
				391A42902C5F6EFE00A9DABA /* NapFeedRegister.swift */,
				390283A52C556DB900D8ACF5 /* FeedRegister.swift */,
				02241D7B2C5D48D900B4A161 /* NapPhotoView.swift */,
				02051DDA2C5E551900BAEF10 /* CameraPreview.swift */,
			);
			path = NapFeedRegister;
			sourceTree = "<group>";
		};
		391A42922C5F893C00A9DABA /* Remainder */ = {
			isa = PBXGroup;
			children = (
				02C3FCB62C5882080087A72B /* LavenderProgressView.swift */,
				02241D782C5D484100B4A161 /* LavenderCheckSilentModeView.swift */,
				02C3FCB82C58824E0087A72B /* KDCircularProgressTest.swift */,
				3928CA562C50A6B000A5A823 /* LavenderHome.swift */,
			);
			path = Remainder;
			sourceTree = "<group>";
		};
		3928CA242C509EC200A5A823 = {
			isa = PBXGroup;
			children = (
				3928CA2F2C509EC200A5A823 /* Nap */,
				3928CA2E2C509EC200A5A823 /* Products */,
				92EE7B352C554E30006D0D19 /* Frameworks */,
			);
			sourceTree = "<group>";
		};
		3928CA2E2C509EC200A5A823 /* Products */ = {
			isa = PBXGroup;
			children = (
				3928CA2D2C509EC200A5A823 /* Nap.app */,
			);
			name = Products;
			sourceTree = "<group>";
		};
		3928CA2F2C509EC200A5A823 /* Nap */ = {
			isa = PBXGroup;
			children = (
				92EE7B2E2C5169E2006D0D19 /* Nap.entitlements */,
				02C3FCB42C587FD30087A72B /* GoogleService-Info.plist */,
				3928CA3E2C509FB500A5A823 /* Resource */,
				3928CA3F2C509FBD00A5A823 /* Source */,
				3928CA402C509FC300A5A823 /* Supporting File */,
				3928CA362C509EC300A5A823 /* Preview Content */,
			);
			path = Nap;
			sourceTree = "<group>";
		};
		3928CA362C509EC300A5A823 /* Preview Content */ = {
			isa = PBXGroup;
			children = (
				3928CA372C509EC300A5A823 /* Preview Assets.xcassets */,
			);
			path = "Preview Content";
			sourceTree = "<group>";
		};
		3928CA3E2C509FB500A5A823 /* Resource */ = {
			isa = PBXGroup;
			children = (
				3928CA342C509EC300A5A823 /* Assets.xcassets */,
				3928CA422C509FE700A5A823 /* Font */,
				3928CA432C509FED00A5A823 /* Constant */,
				3928CA442C509FFD00A5A823 /* Extension */,
			);
			path = Resource;
			sourceTree = "<group>";
		};
		3928CA3F2C509FBD00A5A823 /* Source */ = {
			isa = PBXGroup;
			children = (
				3928CA452C50A00C00A5A823 /* App */,
				3928CA462C50A01400A5A823 /* UI */,
				3928CA472C50A06500A5A823 /* Helper */,
			);
			path = Source;
			sourceTree = "<group>";
		};
		3928CA402C509FC300A5A823 /* Supporting File */ = {
			isa = PBXGroup;
			children = (
				390283A02C553F8A00D8ACF5 /* Info.plist */,
				3928CA4F2C50A63100A5A823 /* Launch Screen.storyboard */,
			);
			path = "Supporting File";
			sourceTree = "<group>";
		};
		3928CA422C509FE700A5A823 /* Font */ = {
			isa = PBXGroup;
			children = (
				3902839C2C553F7A00D8ACF5 /* Pretendard-Bold.otf */,
				3902839B2C553F7A00D8ACF5 /* Pretendard-Medium.otf */,
				3902839A2C553F7A00D8ACF5 /* Pretendard-SemiBold.otf */,
				390283A12C55407C00D8ACF5 /* Font+.swift */,
			);
			path = Font;
			sourceTree = "<group>";
		};
		3928CA432C509FED00A5A823 /* Constant */ = {
			isa = PBXGroup;
			children = (
				3928CA5C2C50A6D600A5A823 /* StringConstant.swift */,
			);
			path = Constant;
			sourceTree = "<group>";
		};
		3928CA442C509FFD00A5A823 /* Extension */ = {
			isa = PBXGroup;
			children = (
				3928CA492C50A48C00A5A823 /* View+.swift */,
				390283942C5389C500D8ACF5 /* UIScreen+.swift */,
			);
			path = Extension;
			sourceTree = "<group>";
		};
		3928CA452C50A00C00A5A823 /* App */ = {
			isa = PBXGroup;
			children = (
				3928CA302C509EC200A5A823 /* NapApp.swift */,
			);
			path = App;
			sourceTree = "<group>";
		};
		3928CA462C50A01400A5A823 /* UI */ = {
			isa = PBXGroup;
			children = (
				3928CA322C509EC200A5A823 /* ContentView.swift */,
				3928CA532C50A67300A5A823 /* Onboarding */,
				3928CA482C50A14000A5A823 /* Home */,
				02241D7A2C5D48B200B4A161 /* NapFeedRegister */,
				3928CA522C50A66300A5A823 /* Friend */,
				3928CA512C50A65E00A5A823 /* Feed */,
			);
			path = UI;
			sourceTree = "<group>";
		};
		3928CA472C50A06500A5A823 /* Helper */ = {
			isa = PBXGroup;
			children = (
				3928CA4C2C50A4EB00A5A823 /* CustomView */,
				3928CA4B2C50A4E600A5A823 /* Manager */,
			);
			path = Helper;
			sourceTree = "<group>";
		};
		3928CA482C50A14000A5A823 /* Home */ = {
			isa = PBXGroup;
			children = (
				39DBCC3A2C5BE2080039A728 /* Home.swift */,
				393E8E6C2C5E5C8300780DF6 /* SilentModeCheckView.swift */,
				393E8E702C5E651B00780DF6 /* NapProgress.swift */,
				391A428E2C5E86E900A9DABA /* CircularProgressView.swift */,
				391A42922C5F893C00A9DABA /* Remainder */,
			);
			path = Home;
			sourceTree = "<group>";
		};
		3928CA4B2C50A4E600A5A823 /* Manager */ = {
			isa = PBXGroup;
			children = (
				3928CA4D2C50A58900A5A823 /* HapticManager.swift */,
				399587BF2C5A8F2300454D74 /* FirebaseManager.swift */,
				393E8E6E2C5E606C00780DF6 /* NavigationManager.swift */,
			);
			path = Manager;
			sourceTree = "<group>";
		};
		3928CA4C2C50A4EB00A5A823 /* CustomView */ = {
			isa = PBXGroup;
			children = (
				3928CA622C50FB5E00A5A823 /* BackgroundBlur.swift */,
				390283982C53C9F600D8ACF5 /* BackgroundImage.swift */,
				390283AD2C566B9E00D8ACF5 /* BlueButtonLabel.swift */,
				39DBCC3C2C5BF3410039A728 /* MainButtonLabel.swift */,
			);
			path = CustomView;
			sourceTree = "<group>";
		};
		3928CA512C50A65E00A5A823 /* Feed */ = {
			isa = PBXGroup;
			children = (
				3928CA5A2C50A6BC00A5A823 /* Feed.swift */,
				3928CA5E2C50E32D00A5A823 /* FeedCard.swift */,
			);
			path = Feed;
			sourceTree = "<group>";
		};
		3928CA522C50A66300A5A823 /* Friend */ = {
			isa = PBXGroup;
			children = (
				3928CA582C50A6B800A5A823 /* Friend.swift */,
				390283A72C5607D100D8ACF5 /* FriendRow.swift */,
				390283A92C56165600D8ACF5 /* FriendRequestRow.swift */,
				390283AB2C562E7600D8ACF5 /* FriendAdd.swift */,
			);
			path = Friend;
			sourceTree = "<group>";
		};
		3928CA532C50A67300A5A823 /* Onboarding */ = {
			isa = PBXGroup;
			children = (
				3928CA542C50A69200A5A823 /* Onboarding.swift */,
				3999BE452C57DA5A00C48F68 /* NicknameSetting.swift */,
				3999BE472C5811E700C48F68 /* ProfileSetting.swift */,
				39B4A7442C5B8774006B6E74 /* Remainder */,
			);
			path = Onboarding;
			sourceTree = "<group>";
		};
		39B4A7442C5B8774006B6E74 /* Remainder */ = {
			isa = PBXGroup;
			children = (
				3999BE4B2C588A0C00C48F68 /* JoseOnboarding.swift */,
				92EE7B312C52B432006D0D19 /* JoseSignupname.swift */,
				92EE7B332C52B4EA006D0D19 /* JoseSignuppic.swift */,
			);
			path = Remainder;
			sourceTree = "<group>";
		};
		92EE7B352C554E30006D0D19 /* Frameworks */ = {
			isa = PBXGroup;
			children = (
			);
			name = Frameworks;
			sourceTree = "<group>";
		};
/* End PBXGroup section */

/* Begin PBXNativeTarget section */
		3928CA2C2C509EC200A5A823 /* Nap */ = {
			isa = PBXNativeTarget;
			buildConfigurationList = 3928CA3B2C509EC300A5A823 /* Build configuration list for PBXNativeTarget "Nap" */;
			buildPhases = (
				3928CA292C509EC200A5A823 /* Sources */,
				3928CA2A2C509EC200A5A823 /* Frameworks */,
				3928CA2B2C509EC200A5A823 /* Resources */,
			);
			buildRules = (
			);
			dependencies = (
			);
			name = Nap;
			packageProductDependencies = (
				92EE7B2A2C516785006D0D19 /* FirebaseAnalytics */,
				92EE7B2C2C516785006D0D19 /* FirebaseAuth */,
				92EE7B362C554E30006D0D19 /* FirebaseStorage */,
				92EE7B382C554E38006D0D19 /* FirebaseFirestore */,
				02C3FCBB2C5882720087A72B /* KDCircularProgress */,
				02051DDD2C5E559200BAEF10 /* SnapKit */,
				39DBCC382C5BA8400039A728 /* StepSlider */,
			);
			productName = Nap;
			productReference = 3928CA2D2C509EC200A5A823 /* Nap.app */;
			productType = "com.apple.product-type.application";
		};
/* End PBXNativeTarget section */

/* Begin PBXProject section */
		3928CA252C509EC200A5A823 /* Project object */ = {
			isa = PBXProject;
			attributes = {
				BuildIndependentTargetsInParallel = 1;
				LastSwiftUpdateCheck = 1540;
				LastUpgradeCheck = 1540;
				TargetAttributes = {
					3928CA2C2C509EC200A5A823 = {
						CreatedOnToolsVersion = 15.4;
					};
				};
			};
			buildConfigurationList = 3928CA282C509EC200A5A823 /* Build configuration list for PBXProject "Nap" */;
			compatibilityVersion = "Xcode 14.0";
			developmentRegion = en;
			hasScannedForEncodings = 0;
			knownRegions = (
				en,
				Base,
			);
			mainGroup = 3928CA242C509EC200A5A823;
			packageReferences = (
				92EE7B292C516785006D0D19 /* XCRemoteSwiftPackageReference "firebase-ios-sdk" */,
				02C3FCBA2C5882720087A72B /* XCRemoteSwiftPackageReference "KDCircularProgress" */,
				02051DDC2C5E559200BAEF10 /* XCRemoteSwiftPackageReference "SnapKit" */,
				39DBCC372C5BA8400039A728 /* XCRemoteSwiftPackageReference "StepSlider" */,
			);
			productRefGroup = 3928CA2E2C509EC200A5A823 /* Products */;
			projectDirPath = "";
			projectRoot = "";
			targets = (
				3928CA2C2C509EC200A5A823 /* Nap */,
			);
		};
/* End PBXProject section */

/* Begin PBXResourcesBuildPhase section */
		3928CA2B2C509EC200A5A823 /* Resources */ = {
			isa = PBXResourcesBuildPhase;
			buildActionMask = 2147483647;
			files = (
				3928CA502C50A63100A5A823 /* Launch Screen.storyboard in Resources */,
				02C3FCB52C587FD30087A72B /* GoogleService-Info.plist in Resources */,
				3902839F2C553F7A00D8ACF5 /* Pretendard-Bold.otf in Resources */,
				3902839E2C553F7A00D8ACF5 /* Pretendard-Medium.otf in Resources */,
				3928CA382C509EC300A5A823 /* Preview Assets.xcassets in Resources */,
				3928CA352C509EC300A5A823 /* Assets.xcassets in Resources */,
				3902839D2C553F7A00D8ACF5 /* Pretendard-SemiBold.otf in Resources */,
			);
			runOnlyForDeploymentPostprocessing = 0;
		};
/* End PBXResourcesBuildPhase section */

/* Begin PBXSourcesBuildPhase section */
		3928CA292C509EC200A5A823 /* Sources */ = {
			isa = PBXSourcesBuildPhase;
			buildActionMask = 2147483647;
			files = (
				393E8E6D2C5E5C8300780DF6 /* SilentModeCheckView.swift in Sources */,
				3928CA332C509EC200A5A823 /* ContentView.swift in Sources */,
				390283AE2C566B9E00D8ACF5 /* BlueButtonLabel.swift in Sources */,
				390283AC2C562E7600D8ACF5 /* FriendAdd.swift in Sources */,
				3928CA5B2C50A6BC00A5A823 /* Feed.swift in Sources */,
				3928CA592C50A6B800A5A823 /* Friend.swift in Sources */,
				3928CA5D2C50A6D600A5A823 /* StringConstant.swift in Sources */,
				92EE7B322C52B432006D0D19 /* JoseSignupname.swift in Sources */,
				02241D7C2C5D48D900B4A161 /* NapPhotoView.swift in Sources */,
				393E8E6F2C5E606C00780DF6 /* NavigationManager.swift in Sources */,
				02C3FCB72C5882080087A72B /* LavenderProgressView.swift in Sources */,
				3928CA4A2C50A48C00A5A823 /* View+.swift in Sources */,
				3928CA5F2C50E32D00A5A823 /* FeedCard.swift in Sources */,
				3999BE462C57DA5A00C48F68 /* NicknameSetting.swift in Sources */,
				3928CA552C50A69200A5A823 /* Onboarding.swift in Sources */,
				391A42912C5F6EFE00A9DABA /* NapFeedRegister.swift in Sources */,
				02051DDB2C5E551900BAEF10 /* CameraPreview.swift in Sources */,
				393E8E712C5E651B00780DF6 /* NapProgress.swift in Sources */,
				390283952C5389C500D8ACF5 /* UIScreen+.swift in Sources */,
				390283A22C55407C00D8ACF5 /* Font+.swift in Sources */,
				390283AA2C56165600D8ACF5 /* FriendRequestRow.swift in Sources */,
				390283992C53C9F600D8ACF5 /* BackgroundImage.swift in Sources */,
				399587C02C5A8F2300454D74 /* FirebaseManager.swift in Sources */,
				39DBCC3D2C5BF3410039A728 /* MainButtonLabel.swift in Sources */,
				390283A82C5607D100D8ACF5 /* FriendRow.swift in Sources */,
				3999BE482C5811E700C48F68 /* ProfileSetting.swift in Sources */,
				3999BE4C2C588A0C00C48F68 /* JoseOnboarding.swift in Sources */,
				3928CA4E2C50A58900A5A823 /* HapticManager.swift in Sources */,
				391A428F2C5E86E900A9DABA /* CircularProgressView.swift in Sources */,
				3928CA572C50A6B000A5A823 /* LavenderHome.swift in Sources */,
				3928CA572C50A6B000A5A823 /* LavenderHome.swift in Sources */,
				390283A62C556DB900D8ACF5 /* FeedRegister.swift in Sources */,
				3928CA312C509EC200A5A823 /* NapApp.swift in Sources */,
				02C3FCB92C58824E0087A72B /* KDCircularProgressTest.swift in Sources */,
				39DBCC3B2C5BE2080039A728 /* Home.swift in Sources */,
				92EE7B342C52B4EA006D0D19 /* JoseSignuppic.swift in Sources */,
				02241D792C5D484100B4A161 /* LavenderCheckSilentModeView.swift in Sources */,
				3928CA632C50FB5E00A5A823 /* BackgroundBlur.swift in Sources */,
			);
			runOnlyForDeploymentPostprocessing = 0;
		};
/* End PBXSourcesBuildPhase section */

/* Begin XCBuildConfiguration section */
		3928CA392C509EC300A5A823 /* Debug */ = {
			isa = XCBuildConfiguration;
			buildSettings = {
				ALWAYS_SEARCH_USER_PATHS = NO;
				ASSETCATALOG_COMPILER_GENERATE_SWIFT_ASSET_SYMBOL_EXTENSIONS = YES;
				CLANG_ANALYZER_NONNULL = YES;
				CLANG_ANALYZER_NUMBER_OBJECT_CONVERSION = YES_AGGRESSIVE;
				CLANG_CXX_LANGUAGE_STANDARD = "gnu++20";
				CLANG_ENABLE_MODULES = YES;
				CLANG_ENABLE_OBJC_ARC = YES;
				CLANG_ENABLE_OBJC_WEAK = YES;
				CLANG_WARN_BLOCK_CAPTURE_AUTORELEASING = YES;
				CLANG_WARN_BOOL_CONVERSION = YES;
				CLANG_WARN_COMMA = YES;
				CLANG_WARN_CONSTANT_CONVERSION = YES;
				CLANG_WARN_DEPRECATED_OBJC_IMPLEMENTATIONS = YES;
				CLANG_WARN_DIRECT_OBJC_ISA_USAGE = YES_ERROR;
				CLANG_WARN_DOCUMENTATION_COMMENTS = YES;
				CLANG_WARN_EMPTY_BODY = YES;
				CLANG_WARN_ENUM_CONVERSION = YES;
				CLANG_WARN_INFINITE_RECURSION = YES;
				CLANG_WARN_INT_CONVERSION = YES;
				CLANG_WARN_NON_LITERAL_NULL_CONVERSION = YES;
				CLANG_WARN_OBJC_IMPLICIT_RETAIN_SELF = YES;
				CLANG_WARN_OBJC_LITERAL_CONVERSION = YES;
				CLANG_WARN_OBJC_ROOT_CLASS = YES_ERROR;
				CLANG_WARN_QUOTED_INCLUDE_IN_FRAMEWORK_HEADER = YES;
				CLANG_WARN_RANGE_LOOP_ANALYSIS = YES;
				CLANG_WARN_STRICT_PROTOTYPES = YES;
				CLANG_WARN_SUSPICIOUS_MOVE = YES;
				CLANG_WARN_UNGUARDED_AVAILABILITY = YES_AGGRESSIVE;
				CLANG_WARN_UNREACHABLE_CODE = YES;
				CLANG_WARN__DUPLICATE_METHOD_MATCH = YES;
				COPY_PHASE_STRIP = NO;
				DEBUG_INFORMATION_FORMAT = dwarf;
				ENABLE_STRICT_OBJC_MSGSEND = YES;
				ENABLE_TESTABILITY = YES;
				ENABLE_USER_SCRIPT_SANDBOXING = YES;
				GCC_C_LANGUAGE_STANDARD = gnu17;
				GCC_DYNAMIC_NO_PIC = NO;
				GCC_NO_COMMON_BLOCKS = YES;
				GCC_OPTIMIZATION_LEVEL = 0;
				GCC_PREPROCESSOR_DEFINITIONS = (
					"DEBUG=1",
					"$(inherited)",
				);
				GCC_WARN_64_TO_32_BIT_CONVERSION = YES;
				GCC_WARN_ABOUT_RETURN_TYPE = YES_ERROR;
				GCC_WARN_UNDECLARED_SELECTOR = YES;
				GCC_WARN_UNINITIALIZED_AUTOS = YES_AGGRESSIVE;
				GCC_WARN_UNUSED_FUNCTION = YES;
				GCC_WARN_UNUSED_VARIABLE = YES;
				IPHONEOS_DEPLOYMENT_TARGET = 17.0;
				LOCALIZATION_PREFERS_STRING_CATALOGS = YES;
				MTL_ENABLE_DEBUG_INFO = INCLUDE_SOURCE;
				MTL_FAST_MATH = YES;
				ONLY_ACTIVE_ARCH = YES;
				SDKROOT = iphoneos;
				SWIFT_ACTIVE_COMPILATION_CONDITIONS = "DEBUG $(inherited)";
				SWIFT_OPTIMIZATION_LEVEL = "-Onone";
			};
			name = Debug;
		};
		3928CA3A2C509EC300A5A823 /* Release */ = {
			isa = XCBuildConfiguration;
			buildSettings = {
				ALWAYS_SEARCH_USER_PATHS = NO;
				ASSETCATALOG_COMPILER_GENERATE_SWIFT_ASSET_SYMBOL_EXTENSIONS = YES;
				CLANG_ANALYZER_NONNULL = YES;
				CLANG_ANALYZER_NUMBER_OBJECT_CONVERSION = YES_AGGRESSIVE;
				CLANG_CXX_LANGUAGE_STANDARD = "gnu++20";
				CLANG_ENABLE_MODULES = YES;
				CLANG_ENABLE_OBJC_ARC = YES;
				CLANG_ENABLE_OBJC_WEAK = YES;
				CLANG_WARN_BLOCK_CAPTURE_AUTORELEASING = YES;
				CLANG_WARN_BOOL_CONVERSION = YES;
				CLANG_WARN_COMMA = YES;
				CLANG_WARN_CONSTANT_CONVERSION = YES;
				CLANG_WARN_DEPRECATED_OBJC_IMPLEMENTATIONS = YES;
				CLANG_WARN_DIRECT_OBJC_ISA_USAGE = YES_ERROR;
				CLANG_WARN_DOCUMENTATION_COMMENTS = YES;
				CLANG_WARN_EMPTY_BODY = YES;
				CLANG_WARN_ENUM_CONVERSION = YES;
				CLANG_WARN_INFINITE_RECURSION = YES;
				CLANG_WARN_INT_CONVERSION = YES;
				CLANG_WARN_NON_LITERAL_NULL_CONVERSION = YES;
				CLANG_WARN_OBJC_IMPLICIT_RETAIN_SELF = YES;
				CLANG_WARN_OBJC_LITERAL_CONVERSION = YES;
				CLANG_WARN_OBJC_ROOT_CLASS = YES_ERROR;
				CLANG_WARN_QUOTED_INCLUDE_IN_FRAMEWORK_HEADER = YES;
				CLANG_WARN_RANGE_LOOP_ANALYSIS = YES;
				CLANG_WARN_STRICT_PROTOTYPES = YES;
				CLANG_WARN_SUSPICIOUS_MOVE = YES;
				CLANG_WARN_UNGUARDED_AVAILABILITY = YES_AGGRESSIVE;
				CLANG_WARN_UNREACHABLE_CODE = YES;
				CLANG_WARN__DUPLICATE_METHOD_MATCH = YES;
				COPY_PHASE_STRIP = NO;
				DEBUG_INFORMATION_FORMAT = "dwarf-with-dsym";
				ENABLE_NS_ASSERTIONS = NO;
				ENABLE_STRICT_OBJC_MSGSEND = YES;
				ENABLE_USER_SCRIPT_SANDBOXING = YES;
				GCC_C_LANGUAGE_STANDARD = gnu17;
				GCC_NO_COMMON_BLOCKS = YES;
				GCC_WARN_64_TO_32_BIT_CONVERSION = YES;
				GCC_WARN_ABOUT_RETURN_TYPE = YES_ERROR;
				GCC_WARN_UNDECLARED_SELECTOR = YES;
				GCC_WARN_UNINITIALIZED_AUTOS = YES_AGGRESSIVE;
				GCC_WARN_UNUSED_FUNCTION = YES;
				GCC_WARN_UNUSED_VARIABLE = YES;
				IPHONEOS_DEPLOYMENT_TARGET = 17.0;
				LOCALIZATION_PREFERS_STRING_CATALOGS = YES;
				MTL_ENABLE_DEBUG_INFO = NO;
				MTL_FAST_MATH = YES;
				SDKROOT = iphoneos;
				SWIFT_COMPILATION_MODE = wholemodule;
				VALIDATE_PRODUCT = YES;
			};
			name = Release;
		};
		3928CA3C2C509EC300A5A823 /* Debug */ = {
			isa = XCBuildConfiguration;
			buildSettings = {
				ASSETCATALOG_COMPILER_APPICON_NAME = AppIcon;
				ASSETCATALOG_COMPILER_GLOBAL_ACCENT_COLOR_NAME = AccentColor;
				ASSETCATALOG_COMPILER_INCLUDE_ALL_APPICON_ASSETS = NO;
				CODE_SIGN_ENTITLEMENTS = Nap/Nap.entitlements;
				CODE_SIGN_STYLE = Automatic;
				CURRENT_PROJECT_VERSION = 1;
				DEVELOPMENT_ASSET_PATHS = "\"Nap/Preview Content\"";
				DEVELOPMENT_TEAM = D23XDL6TZZ;
				ENABLE_PREVIEWS = YES;
				GENERATE_INFOPLIST_FILE = YES;
				INFOPLIST_FILE = "Nap/Supporting File/Info.plist";
				INFOPLIST_KEY_CFBundleDisplayName = Nap;
				INFOPLIST_KEY_LSApplicationCategoryType = "public.app-category.lifestyle";
				INFOPLIST_KEY_NSCameraUsageDescription = "${PRODUCT_NAME}앱은 카메라 권한을 필요로 합니다. 카메라를 통해 수면 인증 사진을 찍어 업로드할 수 있습니다. 허용 안함 시 일부 기능이 동작하지 않을 수 있습니다.";
				INFOPLIST_KEY_NSPhotoLibraryUsageDescription = "${PRODUCT_NAME}앱은 카메라 권한을 필요로 합니다. 카메라를 통해 수면 인증 사진을 찍어 업로드할 수 있습니다. 허용 안함 시 일부 기능이 동작하지 않을 수 있습니다.";
				INFOPLIST_KEY_UIApplicationSceneManifest_Generation = YES;
				INFOPLIST_KEY_UIApplicationSupportsIndirectInputEvents = YES;
				INFOPLIST_KEY_UILaunchScreen_Generation = YES;
				INFOPLIST_KEY_UILaunchStoryboardName = "Launch Screen.storyboard";
				INFOPLIST_KEY_UISupportedInterfaceOrientations = UIInterfaceOrientationPortrait;
				INFOPLIST_KEY_UISupportedInterfaceOrientations_iPad = UIInterfaceOrientationLandscapeLeft;
				INFOPLIST_KEY_UIUserInterfaceStyle = Dark;
				IPHONEOS_DEPLOYMENT_TARGET = 17.0;
				LD_RUNPATH_SEARCH_PATHS = (
					"$(inherited)",
					"@executable_path/Frameworks",
				);
				MARKETING_VERSION = 1.0;
				PRODUCT_BUNDLE_IDENTIFIER = com.NapNap.Nap;
				PRODUCT_NAME = "$(TARGET_NAME)";
				SUPPORTED_PLATFORMS = "iphoneos iphonesimulator";
				SUPPORTS_MACCATALYST = NO;
				SUPPORTS_MAC_DESIGNED_FOR_IPHONE_IPAD = NO;
				SUPPORTS_XR_DESIGNED_FOR_IPHONE_IPAD = NO;
				SWIFT_EMIT_LOC_STRINGS = YES;
				SWIFT_VERSION = 5.0;
				TARGETED_DEVICE_FAMILY = 1;
			};
			name = Debug;
		};
		3928CA3D2C509EC300A5A823 /* Release */ = {
			isa = XCBuildConfiguration;
			buildSettings = {
				ASSETCATALOG_COMPILER_APPICON_NAME = AppIcon;
				ASSETCATALOG_COMPILER_GLOBAL_ACCENT_COLOR_NAME = AccentColor;
				ASSETCATALOG_COMPILER_INCLUDE_ALL_APPICON_ASSETS = NO;
				CODE_SIGN_ENTITLEMENTS = Nap/Nap.entitlements;
				CODE_SIGN_STYLE = Automatic;
				CURRENT_PROJECT_VERSION = 1;
				DEVELOPMENT_ASSET_PATHS = "\"Nap/Preview Content\"";
				DEVELOPMENT_TEAM = D23XDL6TZZ;
				ENABLE_PREVIEWS = YES;
				GENERATE_INFOPLIST_FILE = YES;
				INFOPLIST_FILE = "Nap/Supporting File/Info.plist";
				INFOPLIST_KEY_CFBundleDisplayName = Nap;
				INFOPLIST_KEY_LSApplicationCategoryType = "public.app-category.lifestyle";
				INFOPLIST_KEY_NSCameraUsageDescription = "${PRODUCT_NAME}앱은 카메라 권한을 필요로 합니다. 카메라를 통해 수면 인증 사진을 찍어 업로드할 수 있습니다. 허용 안함 시 일부 기능이 동작하지 않을 수 있습니다.";
				INFOPLIST_KEY_NSPhotoLibraryUsageDescription = "${PRODUCT_NAME}앱은 카메라 권한을 필요로 합니다. 카메라를 통해 수면 인증 사진을 찍어 업로드할 수 있습니다. 허용 안함 시 일부 기능이 동작하지 않을 수 있습니다.";
				INFOPLIST_KEY_UIApplicationSceneManifest_Generation = YES;
				INFOPLIST_KEY_UIApplicationSupportsIndirectInputEvents = YES;
				INFOPLIST_KEY_UILaunchScreen_Generation = YES;
				INFOPLIST_KEY_UILaunchStoryboardName = "Launch Screen.storyboard";
				INFOPLIST_KEY_UISupportedInterfaceOrientations = UIInterfaceOrientationPortrait;
				INFOPLIST_KEY_UISupportedInterfaceOrientations_iPad = UIInterfaceOrientationLandscapeLeft;
				INFOPLIST_KEY_UIUserInterfaceStyle = Dark;
				IPHONEOS_DEPLOYMENT_TARGET = 17.0;
				LD_RUNPATH_SEARCH_PATHS = (
					"$(inherited)",
					"@executable_path/Frameworks",
				);
				MARKETING_VERSION = 1.0;
				PRODUCT_BUNDLE_IDENTIFIER = com.NapNap.Nap;
				PRODUCT_NAME = "$(TARGET_NAME)";
				SUPPORTED_PLATFORMS = "iphoneos iphonesimulator";
				SUPPORTS_MACCATALYST = NO;
				SUPPORTS_MAC_DESIGNED_FOR_IPHONE_IPAD = NO;
				SUPPORTS_XR_DESIGNED_FOR_IPHONE_IPAD = NO;
				SWIFT_EMIT_LOC_STRINGS = YES;
				SWIFT_VERSION = 5.0;
				TARGETED_DEVICE_FAMILY = 1;
			};
			name = Release;
		};
/* End XCBuildConfiguration section */

/* Begin XCConfigurationList section */
		3928CA282C509EC200A5A823 /* Build configuration list for PBXProject "Nap" */ = {
			isa = XCConfigurationList;
			buildConfigurations = (
				3928CA392C509EC300A5A823 /* Debug */,
				3928CA3A2C509EC300A5A823 /* Release */,
			);
			defaultConfigurationIsVisible = 0;
			defaultConfigurationName = Release;
		};
		3928CA3B2C509EC300A5A823 /* Build configuration list for PBXNativeTarget "Nap" */ = {
			isa = XCConfigurationList;
			buildConfigurations = (
				3928CA3C2C509EC300A5A823 /* Debug */,
				3928CA3D2C509EC300A5A823 /* Release */,
			);
			defaultConfigurationIsVisible = 0;
			defaultConfigurationName = Release;
		};
/* End XCConfigurationList section */

/* Begin XCRemoteSwiftPackageReference section */
		02051DDC2C5E559200BAEF10 /* XCRemoteSwiftPackageReference "SnapKit" */ = {
			isa = XCRemoteSwiftPackageReference;
			repositoryURL = "https://github.com/SnapKit/SnapKit.git";
			requirement = {
				kind = upToNextMajorVersion;
				minimumVersion = 5.7.1;
			};
		};
		02C3FCBA2C5882720087A72B /* XCRemoteSwiftPackageReference "KDCircularProgress" */ = {
			isa = XCRemoteSwiftPackageReference;
			repositoryURL = "https://github.com/kaandedeoglu/KDCircularProgress.git";
			requirement = {
				kind = upToNextMajorVersion;
				minimumVersion = 1.5.4;
			};
		};
		39DBCC372C5BA8400039A728 /* XCRemoteSwiftPackageReference "StepSlider" */ = {
			isa = XCRemoteSwiftPackageReference;
			repositoryURL = "https://github.com/spromicky/StepSlider";
			requirement = {
				kind = upToNextMajorVersion;
				minimumVersion = 1.8.0;
			};
		};
		92EE7B292C516785006D0D19 /* XCRemoteSwiftPackageReference "firebase-ios-sdk" */ = {
			isa = XCRemoteSwiftPackageReference;
			repositoryURL = "https://github.com/firebase/firebase-ios-sdk";
			requirement = {
				kind = upToNextMajorVersion;
				minimumVersion = 10.29.0;
			};
		};
/* End XCRemoteSwiftPackageReference section */

/* Begin XCSwiftPackageProductDependency section */
		02051DDD2C5E559200BAEF10 /* SnapKit */ = {
			isa = XCSwiftPackageProductDependency;
			package = 02051DDC2C5E559200BAEF10 /* XCRemoteSwiftPackageReference "SnapKit" */;
			productName = SnapKit;
		};
		02C3FCBB2C5882720087A72B /* KDCircularProgress */ = {
			isa = XCSwiftPackageProductDependency;
			package = 02C3FCBA2C5882720087A72B /* XCRemoteSwiftPackageReference "KDCircularProgress" */;
			productName = KDCircularProgress;
		};
		39DBCC382C5BA8400039A728 /* StepSlider */ = {
			isa = XCSwiftPackageProductDependency;
			package = 39DBCC372C5BA8400039A728 /* XCRemoteSwiftPackageReference "StepSlider" */;
			productName = StepSlider;
		};
		92EE7B2A2C516785006D0D19 /* FirebaseAnalytics */ = {
			isa = XCSwiftPackageProductDependency;
			package = 92EE7B292C516785006D0D19 /* XCRemoteSwiftPackageReference "firebase-ios-sdk" */;
			productName = FirebaseAnalytics;
		};
		92EE7B2C2C516785006D0D19 /* FirebaseAuth */ = {
			isa = XCSwiftPackageProductDependency;
			package = 92EE7B292C516785006D0D19 /* XCRemoteSwiftPackageReference "firebase-ios-sdk" */;
			productName = FirebaseAuth;
		};
		92EE7B362C554E30006D0D19 /* FirebaseStorage */ = {
			isa = XCSwiftPackageProductDependency;
			package = 92EE7B292C516785006D0D19 /* XCRemoteSwiftPackageReference "firebase-ios-sdk" */;
			productName = FirebaseStorage;
		};
		92EE7B382C554E38006D0D19 /* FirebaseFirestore */ = {
			isa = XCSwiftPackageProductDependency;
			package = 92EE7B292C516785006D0D19 /* XCRemoteSwiftPackageReference "firebase-ios-sdk" */;
			productName = FirebaseFirestore;
		};
/* End XCSwiftPackageProductDependency section */
	};
	rootObject = 3928CA252C509EC200A5A823 /* Project object */;
}
